alias: "Alert if front door lock battery too low"
trigger:
  - platform: numeric_state
    entity_id: sensor.front_door_lock_batt
    below: 30
action:
  - service: notify.sms
    data:
      message: "Front door lock has low battery!"
      target:
        - !secret SMS_CAMERON
  - service: notify.sms
    data:
      message: "Front door lock has low battery!"
      target:
        - !secret SMS_RACHAEL